// !$*UTF8*$!
{
  archiveVersion = 1;
  classes = {
  };
  objectVersion = 51;
  objects = {

/* Begin PBXBuildFile section */
    D29E2F912343D41E004ECBC9 /* AppDelegate.swift in Sources */ = {isa = PBXBuildFile; fileRef = D29E2F902343D41E004ECBC9 /* AppDelegate.swift */; };
    D29E2F932343D41E004ECBC9 /* ViewController.swift in Sources */ = {isa = PBXBuildFile; fileRef = D29E2F922343D41E004ECBC9 /* ViewController.swift */; };
    D29E2F962343D41E004ECBC9 /* Main.storyboard in Resources */ = {isa = PBXBuildFile; fileRef = D29E2F942343D41E004ECBC9 /* Main.storyboard */; };
    D29E2F982343D420004ECBC9 /* Assets.xcassets in Resources */ = {isa = PBXBuildFile; fileRef = D29E2F972343D420004ECBC9 /* Assets.xcassets */; };
/* End PBXBuildFile section */

/* Begin PBXFileReference section */
    161EE7216E13FF6598D3722E /* Pods-BasicExample.release.xcconfig */ = {isa = PBXFileReference; includeInIndex = 1; lastKnownFileType = text.xcconfig; name = "Pods-BasicExample.release.xcconfig"; path = "Target Support Files/Pods-BasicExample/Pods-BasicExample.release.xcconfig"; sourceTree = "<group>"; };
    64B92879A9C806B820646F67 /* Pods-BasicExample.debug.xcconfig */ = {isa = PBXFileReference; includeInIndex = 1; lastKnownFileType = text.xcconfig; name = "Pods-BasicExample.debug.xcconfig"; path = "Target Support Files/Pods-BasicExample/Pods-BasicExample.debug.xcconfig"; sourceTree = "<group>"; };
    D29E2F8D2343D41E004ECBC9 /* BasicExample.app */ = {isa = PBXFileReference; explicitFileType = wrapper.application; includeInIndex = 0; path = "BasicExample.app"; sourceTree = BUILT_PRODUCTS_DIR; };
    D29E2F902343D41E004ECBC9 /* AppDelegate.swift */ = {isa = PBXFileReference; lastKnownFileType = sourcecode.swift; path = AppDelegate.swift; sourceTree = "<group>"; };
    D29E2F922343D41E004ECBC9 /* ViewController.swift */ = {isa = PBXFileReference; lastKnownFileType = sourcecode.swift; path = ViewController.swift; sourceTree = "<group>"; };
    D29E2F952343D41E004ECBC9 /* Base */ = {isa = PBXFileReference; lastKnownFileType = file.storyboard; name = Base; path = Base.lproj/Main.storyboard; sourceTree = "<group>"; };
    D29E2F972343D420004ECBC9 /* Assets.xcassets */ = {isa = PBXFileReference; lastKnownFileType = folder.assetcatalog; path = Assets.xcassets; sourceTree = "<group>"; };
    D29E2F992343D420004ECBC9 /* Info.plist */ = {isa = PBXFileReference; lastKnownFileType = text.plist.xml; path = Info.plist; sourceTree = "<group>"; };
/* End PBXFileReference section */

/* Begin PBXFrameworksBuildPhase section */
    D29E2F8A2343D41E004ECBC9 /* Frameworks */ = {
      isa = PBXFrameworksBuildPhase;
      buildActionMask = 2147483647;
      files = (
      );
      runOnlyForDeploymentPostprocessing = 0;
    };
/* End PBXFrameworksBuildPhase section */

/* Begin PBXGroup section */
    1D8DBAB4041D270EFAC6F6CF /* Pods */ = {
      isa = PBXGroup;
      children = (
        64B92879A9C806B820646F67 /* Pods-BasicExample.debug.xcconfig */,
        161EE7216E13FF6598D3722E /* Pods-BasicExample.release.xcconfig */,
      );
      path = Pods;
      sourceTree = "<group>";
    };
    D29E2F842343D41E004ECBC9 = {
      isa = PBXGroup;
      children = (
        D29E2F8F2343D41E004ECBC9 /* BasicExample */,
        D29E2F8E2343D41E004ECBC9 /* Products */,
        1D8DBAB4041D270EFAC6F6CF /* Pods */,
      );
      sourceTree = "<group>";
    };
    D29E2F8E2343D41E004ECBC9 /* Products */ = {
      isa = PBXGroup;
      children = (
        D29E2F8D2343D41E004ECBC9 /* BasicExample.app */,
      );
      name = Products;
      sourceTree = "<group>";
    };
    D29E2F8F2343D41E004ECBC9 /* BasicExample */ = {
      isa = PBXGroup;
      children = (
        D29E2F902343D41E004ECBC9 /* AppDelegate.swift */,
        D29E2F922343D41E004ECBC9 /* ViewController.swift */,
        D29E2F942343D41E004ECBC9 /* Main.storyboard */,
        D29E2F972343D420004ECBC9 /* Assets.xcassets */,
        D29E2F992343D420004ECBC9 /* Info.plist */,
      );
      path = "BasicExample";
      sourceTree = "<group>";
    };
/* End PBXGroup section */

/* Begin PBXNativeTarget section */
    D29E2F8C2343D41E004ECBC9 /* BasicExample */ = {
      isa = PBXNativeTarget;
      buildConfigurationList = D29E2F9C2343D420004ECBC9 /* Build configuration list for PBXNativeTarget "BasicExample" */;
      buildPhases = (
        D0A20E3079E05DFC199ED2EB /* [CP] Check Pods Manifest.lock */,
        D29E2F892343D41E004ECBC9 /* Sources */,
        D29E2F8A2343D41E004ECBC9 /* Frameworks */,
        D29E2F8B2343D41E004ECBC9 /* Resources */,
        6D992F1EEB68DDDA41E5B1BA /* [CP] Embed Pods Frameworks */,
      );
      buildRules = (
      );
      dependencies = (
      );
      name = "BasicExample";
      productName = "BasicExample";
      productReference = D29E2F8D2343D41E004ECBC9 /* BasicExample.app */;
      productType = "com.apple.product-type.application";
    };
/* End PBXNativeTarget section */

/* Begin PBXProject section */
    D29E2F852343D41E004ECBC9 /* Project object */ = {
      isa = PBXProject;
      attributes = {
        LastSwiftUpdateCheck = 1010;
        LastUpgradeCheck = 1010;
        ORGANIZATIONNAME = "Greg Schoppe";
        TargetAttributes = {
          D29E2F8C2343D41E004ECBC9 = {
            CreatedOnToolsVersion = 10.1;
          };
        };
      };
      buildConfigurationList = D29E2F882343D41E004ECBC9 /* Build configuration list for PBXProject "BasicExample" */;
      compatibilityVersion = "Xcode 9.3";
      developmentRegion = en;
      hasScannedForEncodings = 0;
      knownRegions = (
        en,
        Base,
      );
      mainGroup = D29E2F842343D41E004ECBC9;
      productRefGroup = D29E2F8E2343D41E004ECBC9 /* Products */;
      projectDirPath = "";
      projectRoot = "";
      targets = (
        D29E2F8C2343D41E004ECBC9 /* BasicExample */,
      );
    };
/* End PBXProject section */

/* Begin PBXResourcesBuildPhase section */
    D29E2F8B2343D41E004ECBC9 /* Resources */ = {
      isa = PBXResourcesBuildPhase;
      buildActionMask = 2147483647;
      files = (
        D29E2F982343D420004ECBC9 /* Assets.xcassets in Resources */,
        D29E2F962343D41E004ECBC9 /* Main.storyboard in Resources */,
      );
      runOnlyForDeploymentPostprocessing = 0;
    };
/* End PBXResourcesBuildPhase section */

/* Begin PBXShellScriptBuildPhase section */
    6D992F1EEB68DDDA41E5B1BA /* [CP] Embed Pods Frameworks */ = {
      isa = PBXShellScriptBuildPhase;
      buildActionMask = 2147483647;
      files = (
      );
      inputFileListPaths = (
        "${PODS_ROOT}/Target Support Files/Pods-BasicExample/Pods-BasicExample-frameworks-${CONFIGURATION}-input-files.xcfilelist",
      );
      name = "[CP] Embed Pods Frameworks";
      outputFileListPaths = (
        "${PODS_ROOT}/Target Support Files/Pods-BasicExample/Pods-BasicExample-frameworks-${CONFIGURATION}-output-files.xcfilelist",
      );
      runOnlyForDeploymentPostprocessing = 0;
      shellPath = /bin/sh;
      shellScript = "\"${PODS_ROOT}/Target Support Files/Pods-BasicExample/Pods-BasicExample-frameworks.sh\"\n";
      showEnvVarsInLog = 0;
    };
    D0A20E3079E05DFC199ED2EB /* [CP] Check Pods Manifest.lock */ = {
      isa = PBXShellScriptBuildPhase;
      buildActionMask = 2147483647;
      files = (
      );
      inputFileListPaths = (
      );
      inputPaths = (
        "${PODS_PODFILE_DIR_PATH}/Podfile.lock",
        "${PODS_ROOT}/Manifest.lock",
      );
      name = "[CP] Check Pods Manifest.lock";
      outputFileListPaths = (
      );
      outputPaths = (
        "$(DERIVED_FILE_DIR)/Pods-BasicExample-checkManifestLockResult.txt",
      );
      runOnlyForDeploymentPostprocessing = 0;
      shellPath = /bin/sh;
      shellScript = "diff \"${PODS_PODFILE_DIR_PATH}/Podfile.lock\" \"${PODS_ROOT}/Manifest.lock\" > /dev/null\nif [ $? != 0 ] ; then\n    # print error to STDERR\n    echo \"error: The sandbox is not in sync with the Podfile.lock. Run 'pod install' or update your CocoaPods installation.\" >&2\n    exit 1\nfi\n# This output is used by Xcode 'outputs' to avoid re-running this script phase.\necho \"SUCCESS\" > \"${SCRIPT_OUTPUT_FILE_0}\"\n";
      showEnvVarsInLog = 0;
    };
/* End PBXShellScriptBuildPhase section */

/* Begin PBXSourcesBuildPhase section */
    D29E2F892343D41E004ECBC9 /* Sources */ = {
      isa = PBXSourcesBuildPhase;
      buildActionMask = 2147483647;
      files = (
        D29E2F932343D41E004ECBC9 /* ViewController.swift in Sources */,
        D29E2F912343D41E004ECBC9 /* AppDelegate.swift in Sources */,
      );
      runOnlyForDeploymentPostprocessing = 0;
    };
/* End PBXSourcesBuildPhase section */

/* Begin PBXVariantGroup section */
    D29E2F942343D41E004ECBC9 /* Main.storyboard */ = {
      isa = PBXVariantGroup;
      children = (
        D29E2F952343D41E004ECBC9 /* Base */,
      );
      name = Main.storyboard;
      sourceTree = "<group>";
    };
/* End PBXVariantGroup section */

/* Begin XCBuildConfiguration section */
    D29E2F9A2343D420004ECBC9 /* Debug */ = {
      isa = XCBuildConfiguration;
      buildSettings = {
        ALWAYS_SEARCH_USER_PATHS = NO;
        CLANG_ANALYZER_NONNULL = YES;
        CLANG_ANALYZER_NUMBER_OBJECT_CONVERSION = YES_AGGRESSIVE;
        CLANG_CXX_LANGUAGE_STANDARD = "gnu++14";
        CLANG_CXX_LIBRARY = "libc++";
        CLANG_ENABLE_MODULES = YES;
        CLANG_ENABLE_OBJC_ARC = YES;
        CLANG_ENABLE_OBJC_WEAK = YES;
        CLANG_WARN_BLOCK_CAPTURE_AUTORELEASING = YES;
        CLANG_WARN_BOOL_CONVERSION = YES;
        CLANG_WARN_COMMA = YES;
        CLANG_WARN_CONSTANT_CONVERSION = YES;
        CLANG_WARN_DEPRECATED_OBJC_IMPLEMENTATIONS = YES;
        CLANG_WARN_DIRECT_OBJC_ISA_USAGE = YES_ERROR;
        CLANG_WARN_DOCUMENTATION_COMMENTS = YES;
        CLANG_WARN_EMPTY_BODY = YES;
        CLANG_WARN_ENUM_CONVERSION = YES;
        CLANG_WARN_INFINITE_RECURSION = YES;
        CLANG_WARN_INT_CONVERSION = YES;
        CLANG_WARN_NON_LITERAL_NULL_CONVERSION = YES;
        CLANG_WARN_OBJC_IMPLICIT_RETAIN_SELF = YES;
        CLANG_WARN_OBJC_LITERAL_CONVERSION = YES;
        CLANG_WARN_OBJC_ROOT_CLASS = YES_ERROR;
        CLANG_WARN_RANGE_LOOP_ANALYSIS = YES;
        CLANG_WARN_STRICT_PROTOTYPES = YES;
        CLANG_WARN_SUSPICIOUS_MOVE = YES;
        CLANG_WARN_UNGUARDED_AVAILABILITY = YES_AGGRESSIVE;
        CLANG_WARN_UNREACHABLE_CODE = YES;
        CLANG_WARN__DUPLICATE_METHOD_MATCH = YES;
        COPY_PHASE_STRIP = NO;
        DEBUG_INFORMATION_FORMAT = dwarf;
        ENABLE_STRICT_OBJC_MSGSEND = YES;
        ENABLE_TESTABILITY = YES;
        GCC_C_LANGUAGE_STANDARD = gnu11;
        GCC_DYNAMIC_NO_PIC = NO;
        GCC_NO_COMMON_BLOCKS = YES;
        GCC_OPTIMIZATION_LEVEL = 0;
        GCC_PREPROCESSOR_DEFINITIONS = (
          "DEBUG=1",
          "$(inherited)",
        );
        GCC_WARN_64_TO_32_BIT_CONVERSION = YES;
        GCC_WARN_ABOUT_RETURN_TYPE = YES_ERROR;
        GCC_WARN_UNDECLARED_SELECTOR = YES;
        GCC_WARN_UNINITIALIZED_AUTOS = YES_AGGRESSIVE;
        GCC_WARN_UNUSED_FUNCTION = YES;
        GCC_WARN_UNUSED_VARIABLE = YES;
        MTL_ENABLE_DEBUG_INFO = INCLUDE_SOURCE;
        MTL_FAST_MATH = YES;
        ONLY_ACTIVE_ARCH = YES;
        SDKROOT = appletvos;
        SWIFT_ACTIVE_COMPILATION_CONDITIONS = DEBUG;
        SWIFT_OPTIMIZATION_LEVEL = "-Onone";
        TVOS_DEPLOYMENT_TARGET = 12.1;
      };
      name = Debug;
    };
    D29E2F9B2343D420004ECBC9 /* Release */ = {
      isa = XCBuildConfiguration;
      buildSettings = {
        ALWAYS_SEARCH_USER_PATHS = NO;
        CLANG_ANALYZER_NONNULL = YES;
        CLANG_ANALYZER_NUMBER_OBJECT_CONVERSION = YES_AGGRESSIVE;
        CLANG_CXX_LANGUAGE_STANDARD = "gnu++14";
        CLANG_CXX_LIBRARY = "libc++";
        CLANG_ENABLE_MODULES = YES;
        CLANG_ENABLE_OBJC_ARC = YES;
        CLANG_ENABLE_OBJC_WEAK = YES;
        CLANG_WARN_BLOCK_CAPTURE_AUTORELEASING = YES;
        CLANG_WARN_BOOL_CONVERSION = YES;
        CLANG_WARN_COMMA = YES;
        CLANG_WARN_CONSTANT_CONVERSION = YES;
        CLANG_WARN_DEPRECATED_OBJC_IMPLEMENTATIONS = YES;
        CLANG_WARN_DIRECT_OBJC_ISA_USAGE = YES_ERROR;
        CLANG_WARN_DOCUMENTATION_COMMENTS = YES;
        CLANG_WARN_EMPTY_BODY = YES;
        CLANG_WARN_ENUM_CONVERSION = YES;
        CLANG_WARN_INFINITE_RECURSION = YES;
        CLANG_WARN_INT_CONVERSION = YES;
        CLANG_WARN_NON_LITERAL_NULL_CONVERSION = YES;
        CLANG_WARN_OBJC_IMPLICIT_RETAIN_SELF = YES;
        CLANG_WARN_OBJC_LITERAL_CONVERSION = YES;
        CLANG_WARN_OBJC_ROOT_CLASS = YES_ERROR;
        CLANG_WARN_RANGE_LOOP_ANALYSIS = YES;
        CLANG_WARN_STRICT_PROTOTYPES = YES;
        CLANG_WARN_SUSPICIOUS_MOVE = YES;
        CLANG_WARN_UNGUARDED_AVAILABILITY = YES_AGGRESSIVE;
        CLANG_WARN_UNREACHABLE_CODE = YES;
        CLANG_WARN__DUPLICATE_METHOD_MATCH = YES;
        COPY_PHASE_STRIP = NO;
        DEBUG_INFORMATION_FORMAT = "dwarf-with-dsym";
        ENABLE_NS_ASSERTIONS = NO;
        ENABLE_STRICT_OBJC_MSGSEND = YES;
        GCC_C_LANGUAGE_STANDARD = gnu11;
        GCC_NO_COMMON_BLOCKS = YES;
        GCC_WARN_64_TO_32_BIT_CONVERSION = YES;
        GCC_WARN_ABOUT_RETURN_TYPE = YES_ERROR;
        GCC_WARN_UNDECLARED_SELECTOR = YES;
        GCC_WARN_UNINITIALIZED_AUTOS = YES_AGGRESSIVE;
        GCC_WARN_UNUSED_FUNCTION = YES;
        GCC_WARN_UNUSED_VARIABLE = YES;
        MTL_ENABLE_DEBUG_INFO = NO;
        MTL_FAST_MATH = YES;
        SDKROOT = appletvos;
        SWIFT_COMPILATION_MODE = wholemodule;
        SWIFT_OPTIMIZATION_LEVEL = "-O";
        TVOS_DEPLOYMENT_TARGET = 12.1;
        VALIDATE_PRODUCT = YES;
      };
      name = Release;
    };
    D29E2F9D2343D420004ECBC9 /* Debug */ = {
      isa = XCBuildConfiguration;
      baseConfigurationReference = 64B92879A9C806B820646F67 /* Pods-BasicExample.debug.xcconfig */;
      buildSettings = {
        ASSETCATALOG_COMPILER_APPICON_NAME = "App Icon & Top Shelf Image";
        ASSETCATALOG_COMPILER_LAUNCHIMAGE_NAME = LaunchImage;
        CODE_SIGN_STYLE = Automatic;
        INFOPLIST_FILE = "BasicExample/Info.plist";
        LD_RUNPATH_SEARCH_PATHS = (
          "$(inherited)",
          "@executable_path/Frameworks",
        );
        PRODUCT_BUNDLE_IDENTIFIER = "google.Basic-Example";
        PRODUCT_NAME = "$(TARGET_NAME)";
        SWIFT_VERSION = 5;
        TARGETED_DEVICE_FAMILY = 3;
      };
      name = Debug;
    };
    D29E2F9E2343D420004ECBC9 /* Release */ = {
      isa = XCBuildConfiguration;
      baseConfigurationReference = 161EE7216E13FF6598D3722E /* Pods-BasicExample.release.xcconfig */;
      buildSettings = {
        ASSETCATALOG_COMPILER_APPICON_NAME = "App Icon & Top Shelf Image";
        ASSETCATALOG_COMPILER_LAUNCHIMAGE_NAME = LaunchImage;
        CODE_SIGN_STYLE = Automatic;
        INFOPLIST_FILE = "BasicExample/Info.plist";
        LD_RUNPATH_SEARCH_PATHS = (
          "$(inherited)",
          "@executable_path/Frameworks",
        );
        PRODUCT_BUNDLE_IDENTIFIER = "google.Basic-Example";
        PRODUCT_NAME = "$(TARGET_NAME)";
        SWIFT_VERSION = 5;
        TARGETED_DEVICE_FAMILY = 3;
      };
      name = Release;
    };
/* End XCBuildConfiguration section */

/* Begin XCConfigurationList section */
    D29E2F882343D41E004ECBC9 /* Build configuration list for PBXProject "BasicExample" */ = {
      isa = XCConfigurationList;
      buildConfigurations = (
        D29E2F9A2343D420004ECBC9 /* Debug */,
        D29E2F9B2343D420004ECBC9 /* Release */,
      );
      defaultConfigurationIsVisible = 0;
      defaultConfigurationName = Release;
    };
    D29E2F9C2343D420004ECBC9 /* Build configuration list for PBXNativeTarget "BasicExample" */ = {
      isa = XCConfigurationList;
      buildConfigurations = (
        D29E2F9D2343D420004ECBC9 /* Debug */,
        D29E2F9E2343D420004ECBC9 /* Release */,
      );
      defaultConfigurationIsVisible = 0;
      defaultConfigurationName = Release;
    };
/* End XCConfigurationList section */
  };
  rootObject = D29E2F852343D41E004ECBC9 /* Project object */;
}
